
Microsoft Visual Studio Solution File, Format Version 12.00
# Visual Studio Version 16
VisualStudioVersion = 16.0.31424.327
MinimumVisualStudioVersion = 10.0.40219.1
Project("{FAE04EC0-301F-11D3-BF4B-00C04F79EFBC}") = "WEBAPI", "WEBAPI\WEBAPI.csproj", "{16CAC689-6B6C-45BD-BC20-7D20DD1AB244}"
EndProject
Global
	GlobalSection(SolutionConfigurationPlatforms) = preSolution
		Debug|Any CPU = Debug|Any CPU
		Release|Any CPU = Release|Any CPU
	EndGlobalSection
	GlobalSection(ProjectConfigurationPlatforms) = postSolution
		{16CAC689-6B6C-45BD-BC20-7D20DD1AB244}.Debug|Any CPU.ActiveCfg = Debug|Any CPU
		{16CAC689-6B6C-45BD-BC20-7D20DD1AB244}.Debug|Any CPU.Build.0 = Debug|Any CPU
		{16CAC689-6B6C-45BD-BC20-7D20DD1AB244}.Release|Any CPU.ActiveCfg = Release|Any CPU
		{16CAC689-6B6C-45BD-BC20-7D20DD1AB244}.Release|Any CPU.Build.0 = Release|Any CPU
	EndGlobalSection
	GlobalSection(SolutionProperties) = preSolution
		HideSolutionNode = FALSE
	EndGlobalSection
	GlobalSection(ExtensibilityGlobals) = postSolution
		SolutionGuid = {EC0D61E5-5FD6-4817-AF05-652994306F9B}
	EndGlobalSection
EndGlobal
